
Microsoft Visual Studio Solution File, Format Version 12.00
# Visual Studio 2012
Project("{FAE04EC0-301F-11D3-BF4B-00C04F79EFBC}") = "PassiveSpace.Android", "Notifications.Android\PassiveSpace.Android.csproj", "{EC6A0616-67F3-46DC-817B-01B9866D283C}"
EndProject
Project("{FAE04EC0-301F-11D3-BF4B-00C04F79EFBC}") = "PassiveSpace.iOS", "ExtensionsDemo\ExtensionsDemo\PassiveSpace.iOS.csproj", "{DCAD2FEF-45A2-472E-9965-4A4D19A40607}"
EndProject
Project("{FAE04EC0-301F-11D3-BF4B-00C04F79EFBC}") = "PassiveSpaceWidget", "ExtensionsDemo\EvolveCountdownWidget\PassiveSpaceWidget.csproj", "{F5A2AFB6-44BB-4041-8369-37DA18233CE4}"
EndProject
Global
	GlobalSection(SolutionConfigurationPlatforms) = preSolution
		Ad-Hoc|Any CPU = Ad-Hoc|Any CPU
		Ad-Hoc|iPhone = Ad-Hoc|iPhone
		Ad-Hoc|iPhoneSimulator = Ad-Hoc|iPhoneSimulator
		Ad-Hoc|Mixed Platforms = Ad-Hoc|Mixed Platforms
		AppStore|Any CPU = AppStore|Any CPU
		AppStore|iPhone = AppStore|iPhone
		AppStore|iPhoneSimulator = AppStore|iPhoneSimulator
		AppStore|Mixed Platforms = AppStore|Mixed Platforms
		Debug|Any CPU = Debug|Any CPU
		Debug|iPhone = Debug|iPhone
		Debug|iPhoneSimulator = Debug|iPhoneSimulator
		Debug|Mixed Platforms = Debug|Mixed Platforms
		Release|Any CPU = Release|Any CPU
		Release|iPhone = Release|iPhone
		Release|iPhoneSimulator = Release|iPhoneSimulator
		Release|Mixed Platforms = Release|Mixed Platforms
	EndGlobalSection
	GlobalSection(ProjectConfigurationPlatforms) = postSolution
		{DCAD2FEF-45A2-472E-9965-4A4D19A40607}.Ad-Hoc|Any CPU.ActiveCfg = Ad-Hoc|iPhone
		{DCAD2FEF-45A2-472E-9965-4A4D19A40607}.Ad-Hoc|Any CPU.Build.0 = Ad-Hoc|iPhone
		{DCAD2FEF-45A2-472E-9965-4A4D19A40607}.Ad-Hoc|iPhone.ActiveCfg = Ad-Hoc|iPhone
		{DCAD2FEF-45A2-472E-9965-4A4D19A40607}.Ad-Hoc|iPhone.Build.0 = Ad-Hoc|iPhone
		{DCAD2FEF-45A2-472E-9965-4A4D19A40607}.Ad-Hoc|iPhoneSimulator.ActiveCfg = Debug|iPhoneSimulator
		{DCAD2FEF-45A2-472E-9965-4A4D19A40607}.Ad-Hoc|iPhoneSimulator.Build.0 = Debug|iPhoneSimulator
		{DCAD2FEF-45A2-472E-9965-4A4D19A40607}.Ad-Hoc|Mixed Platforms.ActiveCfg = Ad-Hoc|iPhone
		{DCAD2FEF-45A2-472E-9965-4A4D19A40607}.Ad-Hoc|Mixed Platforms.Build.0 = Ad-Hoc|iPhone
		{DCAD2FEF-45A2-472E-9965-4A4D19A40607}.AppStore|Any CPU.ActiveCfg = AppStore|iPhone
		{DCAD2FEF-45A2-472E-9965-4A4D19A40607}.AppStore|Any CPU.Build.0 = AppStore|iPhone
		{DCAD2FEF-45A2-472E-9965-4A4D19A40607}.AppStore|iPhone.ActiveCfg = AppStore|iPhone
		{DCAD2FEF-45A2-472E-9965-4A4D19A40607}.AppStore|iPhone.Build.0 = AppStore|iPhone
		{DCAD2FEF-45A2-472E-9965-4A4D19A40607}.AppStore|iPhoneSimulator.ActiveCfg = Debug|iPhoneSimulator
		{DCAD2FEF-45A2-472E-9965-4A4D19A40607}.AppStore|iPhoneSimulator.Build.0 = Debug|iPhoneSimulator
		{DCAD2FEF-45A2-472E-9965-4A4D19A40607}.AppStore|Mixed Platforms.ActiveCfg = AppStore|iPhone
		{DCAD2FEF-45A2-472E-9965-4A4D19A40607}.AppStore|Mixed Platforms.Build.0 = AppStore|iPhone
		{DCAD2FEF-45A2-472E-9965-4A4D19A40607}.Debug|Any CPU.ActiveCfg = Debug|iPhoneSimulator
		{DCAD2FEF-45A2-472E-9965-4A4D19A40607}.Debug|Any CPU.Build.0 = Debug|iPhoneSimulator
		{DCAD2FEF-45A2-472E-9965-4A4D19A40607}.Debug|iPhone.ActiveCfg = Debug|iPhone
		{DCAD2FEF-45A2-472E-9965-4A4D19A40607}.Debug|iPhone.Build.0 = Debug|iPhone
		{DCAD2FEF-45A2-472E-9965-4A4D19A40607}.Debug|iPhoneSimulator.ActiveCfg = Debug|iPhoneSimulator
		{DCAD2FEF-45A2-472E-9965-4A4D19A40607}.Debug|iPhoneSimulator.Build.0 = Debug|iPhoneSimulator
		{DCAD2FEF-45A2-472E-9965-4A4D19A40607}.Debug|Mixed Platforms.ActiveCfg = Debug|iPhoneSimulator
		{DCAD2FEF-45A2-472E-9965-4A4D19A40607}.Debug|Mixed Platforms.Build.0 = Debug|iPhoneSimulator
		{DCAD2FEF-45A2-472E-9965-4A4D19A40607}.Release|Any CPU.ActiveCfg = Release|iPhoneSimulator
		{DCAD2FEF-45A2-472E-9965-4A4D19A40607}.Release|Any CPU.Build.0 = Release|iPhoneSimulator
		{DCAD2FEF-45A2-472E-9965-4A4D19A40607}.Release|iPhone.ActiveCfg = Release|iPhone
		{DCAD2FEF-45A2-472E-9965-4A4D19A40607}.Release|iPhone.Build.0 = Release|iPhone
		{DCAD2FEF-45A2-472E-9965-4A4D19A40607}.Release|iPhoneSimulator.ActiveCfg = Release|iPhoneSimulator
		{DCAD2FEF-45A2-472E-9965-4A4D19A40607}.Release|iPhoneSimulator.Build.0 = Release|iPhoneSimulator
		{DCAD2FEF-45A2-472E-9965-4A4D19A40607}.Release|Mixed Platforms.ActiveCfg = Release|iPhoneSimulator
		{DCAD2FEF-45A2-472E-9965-4A4D19A40607}.Release|Mixed Platforms.Build.0 = Release|iPhoneSimulator
		{EC6A0616-67F3-46DC-817B-01B9866D283C}.Ad-Hoc|Any CPU.ActiveCfg = Release|Any CPU
		{EC6A0616-67F3-46DC-817B-01B9866D283C}.Ad-Hoc|Any CPU.Build.0 = Release|Any CPU
		{EC6A0616-67F3-46DC-817B-01B9866D283C}.Ad-Hoc|Any CPU.Deploy.0 = Release|Any CPU
		{EC6A0616-67F3-46DC-817B-01B9866D283C}.Ad-Hoc|iPhone.ActiveCfg = Release|Any CPU
		{EC6A0616-67F3-46DC-817B-01B9866D283C}.Ad-Hoc|iPhoneSimulator.ActiveCfg = Release|Any CPU
		{EC6A0616-67F3-46DC-817B-01B9866D283C}.Ad-Hoc|Mixed Platforms.ActiveCfg = Release|Any CPU
		{EC6A0616-67F3-46DC-817B-01B9866D283C}.Ad-Hoc|Mixed Platforms.Build.0 = Release|Any CPU
		{EC6A0616-67F3-46DC-817B-01B9866D283C}.Ad-Hoc|Mixed Platforms.Deploy.0 = Release|Any CPU
		{EC6A0616-67F3-46DC-817B-01B9866D283C}.AppStore|Any CPU.ActiveCfg = Release|Any CPU
		{EC6A0616-67F3-46DC-817B-01B9866D283C}.AppStore|Any CPU.Build.0 = Release|Any CPU
		{EC6A0616-67F3-46DC-817B-01B9866D283C}.AppStore|Any CPU.Deploy.0 = Release|Any CPU
		{EC6A0616-67F3-46DC-817B-01B9866D283C}.AppStore|iPhone.ActiveCfg = Release|Any CPU
		{EC6A0616-67F3-46DC-817B-01B9866D283C}.AppStore|iPhoneSimulator.ActiveCfg = Release|Any CPU
		{EC6A0616-67F3-46DC-817B-01B9866D283C}.AppStore|Mixed Platforms.ActiveCfg = Release|Any CPU
		{EC6A0616-67F3-46DC-817B-01B9866D283C}.AppStore|Mixed Platforms.Build.0 = Release|Any CPU
		{EC6A0616-67F3-46DC-817B-01B9866D283C}.AppStore|Mixed Platforms.Deploy.0 = Release|Any CPU
		{EC6A0616-67F3-46DC-817B-01B9866D283C}.Debug|Any CPU.ActiveCfg = Debug|Any CPU
		{EC6A0616-67F3-46DC-817B-01B9866D283C}.Debug|Any CPU.Build.0 = Debug|Any CPU
		{EC6A0616-67F3-46DC-817B-01B9866D283C}.Debug|Any CPU.Deploy.0 = Debug|Any CPU
		{EC6A0616-67F3-46DC-817B-01B9866D283C}.Debug|iPhone.ActiveCfg = Debug|Any CPU
		{EC6A0616-67F3-46DC-817B-01B9866D283C}.Debug|iPhoneSimulator.ActiveCfg = Debug|Any CPU
		{EC6A0616-67F3-46DC-817B-01B9866D283C}.Debug|Mixed Platforms.ActiveCfg = Debug|Any CPU
		{EC6A0616-67F3-46DC-817B-01B9866D283C}.Debug|Mixed Platforms.Build.0 = Debug|Any CPU
		{EC6A0616-67F3-46DC-817B-01B9866D283C}.Debug|Mixed Platforms.Deploy.0 = Debug|Any CPU
		{EC6A0616-67F3-46DC-817B-01B9866D283C}.Release|Any CPU.ActiveCfg = Release|Any CPU
		{EC6A0616-67F3-46DC-817B-01B9866D283C}.Release|Any CPU.Build.0 = Release|Any CPU
		{EC6A0616-67F3-46DC-817B-01B9866D283C}.Release|Any CPU.Deploy.0 = Release|Any CPU
		{EC6A0616-67F3-46DC-817B-01B9866D283C}.Release|iPhone.ActiveCfg = Release|Any CPU
		{EC6A0616-67F3-46DC-817B-01B9866D283C}.Release|iPhoneSimulator.ActiveCfg = Release|Any CPU
		{EC6A0616-67F3-46DC-817B-01B9866D283C}.Release|Mixed Platforms.ActiveCfg = Release|Any CPU
		{EC6A0616-67F3-46DC-817B-01B9866D283C}.Release|Mixed Platforms.Build.0 = Release|Any CPU
		{EC6A0616-67F3-46DC-817B-01B9866D283C}.Release|Mixed Platforms.Deploy.0 = Release|Any CPU
		{F5A2AFB6-44BB-4041-8369-37DA18233CE4}.Ad-Hoc|Any CPU.ActiveCfg = Ad-Hoc|iPhone
		{F5A2AFB6-44BB-4041-8369-37DA18233CE4}.Ad-Hoc|Any CPU.Build.0 = Ad-Hoc|iPhone
		{F5A2AFB6-44BB-4041-8369-37DA18233CE4}.Ad-Hoc|iPhone.ActiveCfg = Ad-Hoc|iPhone
		{F5A2AFB6-44BB-4041-8369-37DA18233CE4}.Ad-Hoc|iPhone.Build.0 = Ad-Hoc|iPhone
		{F5A2AFB6-44BB-4041-8369-37DA18233CE4}.Ad-Hoc|iPhoneSimulator.ActiveCfg = Debug|iPhoneSimulator
		{F5A2AFB6-44BB-4041-8369-37DA18233CE4}.Ad-Hoc|iPhoneSimulator.Build.0 = Debug|iPhoneSimulator
		{F5A2AFB6-44BB-4041-8369-37DA18233CE4}.Ad-Hoc|Mixed Platforms.ActiveCfg = Ad-Hoc|iPhone
		{F5A2AFB6-44BB-4041-8369-37DA18233CE4}.Ad-Hoc|Mixed Platforms.Build.0 = Ad-Hoc|iPhone
		{F5A2AFB6-44BB-4041-8369-37DA18233CE4}.AppStore|Any CPU.ActiveCfg = AppStore|iPhone
		{F5A2AFB6-44BB-4041-8369-37DA18233CE4}.AppStore|Any CPU.Build.0 = AppStore|iPhone
		{F5A2AFB6-44BB-4041-8369-37DA18233CE4}.AppStore|iPhone.ActiveCfg = AppStore|iPhone
		{F5A2AFB6-44BB-4041-8369-37DA18233CE4}.AppStore|iPhone.Build.0 = AppStore|iPhone
		{F5A2AFB6-44BB-4041-8369-37DA18233CE4}.AppStore|iPhoneSimulator.ActiveCfg = Debug|iPhoneSimulator
		{F5A2AFB6-44BB-4041-8369-37DA18233CE4}.AppStore|iPhoneSimulator.Build.0 = Debug|iPhoneSimulator
		{F5A2AFB6-44BB-4041-8369-37DA18233CE4}.AppStore|Mixed Platforms.ActiveCfg = AppStore|iPhone
		{F5A2AFB6-44BB-4041-8369-37DA18233CE4}.AppStore|Mixed Platforms.Build.0 = AppStore|iPhone
		{F5A2AFB6-44BB-4041-8369-37DA18233CE4}.Debug|Any CPU.ActiveCfg = Debug|iPhoneSimulator
		{F5A2AFB6-44BB-4041-8369-37DA18233CE4}.Debug|Any CPU.Build.0 = Debug|iPhoneSimulator
		{F5A2AFB6-44BB-4041-8369-37DA18233CE4}.Debug|iPhone.ActiveCfg = Debug|iPhone
		{F5A2AFB6-44BB-4041-8369-37DA18233CE4}.Debug|iPhone.Build.0 = Debug|iPhone
		{F5A2AFB6-44BB-4041-8369-37DA18233CE4}.Debug|iPhoneSimulator.ActiveCfg = Debug|iPhoneSimulator
		{F5A2AFB6-44BB-4041-8369-37DA18233CE4}.Debug|iPhoneSimulator.Build.0 = Debug|iPhoneSimulator
		{F5A2AFB6-44BB-4041-8369-37DA18233CE4}.Debug|Mixed Platforms.ActiveCfg = Debug|iPhoneSimulator
		{F5A2AFB6-44BB-4041-8369-37DA18233CE4}.Debug|Mixed Platforms.Build.0 = Debug|iPhoneSimulator
		{F5A2AFB6-44BB-4041-8369-37DA18233CE4}.Release|Any CPU.ActiveCfg = Release|iPhoneSimulator
		{F5A2AFB6-44BB-4041-8369-37DA18233CE4}.Release|Any CPU.Build.0 = Release|iPhoneSimulator
		{F5A2AFB6-44BB-4041-8369-37DA18233CE4}.Release|iPhone.ActiveCfg = Release|iPhone
		{F5A2AFB6-44BB-4041-8369-37DA18233CE4}.Release|iPhone.Build.0 = Release|iPhone
		{F5A2AFB6-44BB-4041-8369-37DA18233CE4}.Release|iPhoneSimulator.ActiveCfg = Release|iPhoneSimulator
		{F5A2AFB6-44BB-4041-8369-37DA18233CE4}.Release|iPhoneSimulator.Build.0 = Release|iPhoneSimulator
		{F5A2AFB6-44BB-4041-8369-37DA18233CE4}.Release|Mixed Platforms.ActiveCfg = Release|iPhoneSimulator
		{F5A2AFB6-44BB-4041-8369-37DA18233CE4}.Release|Mixed Platforms.Build.0 = Release|iPhoneSimulator
	EndGlobalSection
	GlobalSection(SolutionProperties) = preSolution
		HideSolutionNode = FALSE
	EndGlobalSection
EndGlobal
